PODS:
  - connectivity_plus (0.0.1):
    - Flutter
    - Reachability
  - DTTJailbreakDetection (0.4.0)
  - Firebase/CoreOnly (8.5.0):
    - FirebaseCore (= 8.5.0)
  - Firebase/Installations (8.5.0):
    - Firebase/CoreOnly
    - FirebaseInstallations (~> 8.5.0)
  - Firebase/Messaging (8.5.0):
    - Firebase/CoreOnly
    - FirebaseMessaging (~> 8.5.0)
  - firebase_core (1.5.0):
    - Firebase/CoreOnly (= 8.5.0)
    - Flutter
  - firebase_installations (16.3.6):
    - Firebase/Installations (= 8.5.0)
    - firebase_core
    - Flutter
  - firebase_messaging (10.0.5):
    - Firebase/Messaging (= 8.5.0)
    - firebase_core
    - Flutter
  - FirebaseCore (8.5.0):
    - FirebaseCoreDiagnostics (~> 8.0)
    - GoogleUtilities/Environment (~> 7.4)
    - GoogleUtilities/Logger (~> 7.4)
  - FirebaseCoreDiagnostics (8.6.0):
    - GoogleDataTransport (~> 9.0)
    - GoogleUtilities/Environment (~> 7.4)
    - GoogleUtilities/Logger (~> 7.4)
    - nanopb (~> 2.30908.0)
  - FirebaseInstallations (8.5.0):
    - FirebaseCore (~> 8.0)
    - GoogleUtilities/Environment (~> 7.4)
    - GoogleUtilities/UserDefaults (~> 7.4)
    - PromisesObjC (< 3.0, >= 1.2)
  - FirebaseMessaging (8.5.0):
    - FirebaseCore (~> 8.0)
    - FirebaseInstallations (~> 8.0)
    - GoogleUtilities/AppDelegateSwizzler (~> 7.4)
    - GoogleUtilities/Environment (~> 7.4)
    - GoogleUtilities/Reachability (~> 7.4)
    - GoogleUtilities/UserDefaults (~> 7.4)
  - Flutter (1.0.0)
  - flutter_jailbreak_detection (1.0.0):
    - DTTJailbreakDetection
    - Flutter
  - flutter_secure_storage (3.3.1):
    - Flutter
  - GoogleDataTransport (9.1.0):
    - GoogleUtilities/Environment (~> 7.2)
    - nanopb (~> 2.30908.0)
    - PromisesObjC (< 3.0, >= 1.2)
  - GoogleUtilities/AppDelegateSwizzler (7.5.1):
    - GoogleUtilities/Environment
    - GoogleUtilities/Logger
    - GoogleUtilities/Network
  - GoogleUtilities/Environment (7.5.1):
    - PromisesObjC (< 3.0, >= 1.2)
  - GoogleUtilities/Logger (7.5.1):
    - GoogleUtilities/Environment
  - GoogleUtilities/Network (7.5.1):
    - GoogleUtilities/Logger
    - "GoogleUtilities/NSData+zlib"
    - GoogleUtilities/Reachability
  - "GoogleUtilities/NSData+zlib (7.5.1)"
  - GoogleUtilities/Reachability (7.5.1):
    - GoogleUtilities/Logger
  - GoogleUtilities/UserDefaults (7.5.1):
    - GoogleUtilities/Logger
  - nanopb (2.30908.0):
    - nanopb/decode (= 2.30908.0)
    - nanopb/encode (= 2.30908.0)
  - nanopb/decode (2.30908.0)
  - nanopb/encode (2.30908.0)
  - PromisesObjC (2.0.0)
  - Reachability (3.2)

DEPENDENCIES:
  - connectivity_plus (from `.symlinks/plugins/connectivity_plus/ios`)
  - firebase_core (from `.symlinks/plugins/firebase_core/ios`)
  - firebase_installations (from `.symlinks/plugins/firebase_installations/ios`)
  - firebase_messaging (from `.symlinks/plugins/firebase_messaging/ios`)
  - Flutter (from `Flutter`)
  - flutter_jailbreak_detection (from `.symlinks/plugins/flutter_jailbreak_detection/ios`)
  - flutter_secure_storage (from `.symlinks/plugins/flutter_secure_storage/ios`)

SPEC REPOS:
  trunk:
    - DTTJailbreakDetection
    - Firebase
    - FirebaseCore
    - FirebaseCoreDiagnostics
    - FirebaseInstallations
    - FirebaseMessaging
    - GoogleDataTransport
    - GoogleUtilities
    - nanopb
    - PromisesObjC
    - Reachability

EXTERNAL SOURCES:
  connectivity_plus:
    :path: ".symlinks/plugins/connectivity_plus/ios"
  firebase_core:
    :path: ".symlinks/plugins/firebase_core/ios"
  firebase_installations:
    :path: ".symlinks/plugins/firebase_installations/ios"
  firebase_messaging:
    :path: ".symlinks/plugins/firebase_messaging/ios"
  Flutter:
    :path: Flutter
  flutter_jailbreak_detection:
    :path: ".symlinks/plugins/flutter_jailbreak_detection/ios"
  flutter_secure_storage:
    :path: ".symlinks/plugins/flutter_secure_storage/ios"

SPEC CHECKSUMS:
  connectivity_plus: 5f0eb61093bec56935f21a1699dd2758bc895587
  DTTJailbreakDetection: 5e356c5badc17995f65a83ed9483f787a0057b71
  Firebase: ff8c73105b90e33e1dc6c8e5445d7adc2ccdc7c1
  firebase_core: 82d486a6231b636aea229bd471bceca82cbe00a6
  firebase_installations: e9b5d948d8b154cb18d84237e9d9f03317df30cc
  firebase_messaging: 0c5342aa6d92d09429ef67c81a1345189fcb76c9
  FirebaseCore: 1c1ca72483b59b17050f5b4cec4fb748425a3901
  FirebaseCoreDiagnostics: 3721920bde3a9a6d5aa093c1d25e9d3e47f694af
  FirebaseInstallations: f2bc590b291d25fb40a9a05b8281c02a881b5117
  FirebaseMessaging: 0705ec705c21705efc51c071fba924c8e25c63e7
  Flutter: 434fef37c0980e73bb6479ef766c45957d4b510c
  flutter_jailbreak_detection: f6c01e4bc73641c6b69c5112e50301240601abb4
  flutter_secure_storage: 7953c38a04c3fdbb00571bcd87d8e3b5ceb9daec
  GoogleDataTransport: 85fd18ff3019bb85d3f2c551d04c481dedf71fc9
  GoogleUtilities: 3df19e3c24f7bbc291d8b5809aa6b0d41e642437
  nanopb: a0ba3315591a9ae0a16a309ee504766e90db0c96
  PromisesObjC: 68159ce6952d93e17b2dfe273b8c40907db5ba58
  Reachability: 33e18b67625424e47b6cde6d202dce689ad7af96

PODFILE CHECKSUM: 21b64fbb12492d731c9be90cbe0f2d328bef4b49

COCOAPODS: 1.10.1
